
Microsoft Visual Studio Solution File, Format Version 12.00
# Visual Studio Version 17
VisualStudioVersion = 17.3.32929.385
MinimumVisualStudioVersion = 10.0.40219.1
Project("{FAE04EC0-301F-11D3-BF4B-00C04F79EFBC}") = "Ejercicio2_2.Android", "Ejercicio2_2\Ejercicio2_2.Android\Ejercicio2_2.Android.csproj", "{9B2D05C8-167D-44AF-8EE8-39E7624ACCC0}"
EndProject
Project("{FAE04EC0-301F-11D3-BF4B-00C04F79EFBC}") = "Ejercicio2_2", "Ejercicio2_2\Ejercicio2_2\Ejercicio2_2.csproj", "{F3AB7060-3809-4FCD-885B-E37D1D3E9F0D}"
EndProject
Global
	GlobalSection(SolutionConfigurationPlatforms) = preSolution
		Debug|Any CPU = Debug|Any CPU
		Release|Any CPU = Release|Any CPU
	EndGlobalSection
	GlobalSection(ProjectConfigurationPlatforms) = postSolution
		{9B2D05C8-167D-44AF-8EE8-39E7624ACCC0}.Debug|Any CPU.ActiveCfg = Debug|Any CPU
		{9B2D05C8-167D-44AF-8EE8-39E7624ACCC0}.Debug|Any CPU.Build.0 = Debug|Any CPU
		{9B2D05C8-167D-44AF-8EE8-39E7624ACCC0}.Debug|Any CPU.Deploy.0 = Debug|Any CPU
		{9B2D05C8-167D-44AF-8EE8-39E7624ACCC0}.Release|Any CPU.ActiveCfg = Release|Any CPU
		{9B2D05C8-167D-44AF-8EE8-39E7624ACCC0}.Release|Any CPU.Build.0 = Release|Any CPU
		{9B2D05C8-167D-44AF-8EE8-39E7624ACCC0}.Release|Any CPU.Deploy.0 = Release|Any CPU
		{F3AB7060-3809-4FCD-885B-E37D1D3E9F0D}.Debug|Any CPU.ActiveCfg = Debug|Any CPU
		{F3AB7060-3809-4FCD-885B-E37D1D3E9F0D}.Debug|Any CPU.Build.0 = Debug|Any CPU
		{F3AB7060-3809-4FCD-885B-E37D1D3E9F0D}.Debug|Any CPU.Deploy.0 = Debug|Any CPU
		{F3AB7060-3809-4FCD-885B-E37D1D3E9F0D}.Release|Any CPU.ActiveCfg = Release|Any CPU
		{F3AB7060-3809-4FCD-885B-E37D1D3E9F0D}.Release|Any CPU.Build.0 = Release|Any CPU
		{F3AB7060-3809-4FCD-885B-E37D1D3E9F0D}.Release|Any CPU.Deploy.0 = Release|Any CPU
	EndGlobalSection
	GlobalSection(SolutionProperties) = preSolution
		HideSolutionNode = FALSE
	EndGlobalSection
	GlobalSection(ExtensibilityGlobals) = postSolution
		SolutionGuid = {166C2E80-B479-4962-A56A-8498A9B8E8EA}
	EndGlobalSection
EndGlobal
